
Microsoft Visual Studio Solution File, Format Version 11.00
# Visual Studio 2010
Project("{FAE04EC0-301F-11D3-BF4B-00C04F79EFBC}") = "Assembly-CSharp", "Assembly-CSharp.csproj", "{07802008-E5F2-CBA2-BCD5-04F691F15F22}"
EndProject
Project("{FAE04EC0-301F-11D3-BF4B-00C04F79EFBC}") = "Assembly-CSharp-Editor", "Assembly-CSharp-Editor.csproj", "{D58851D0-204C-F802-4AFE-AD3D4023E6A0}"
EndProject
Global
	GlobalSection(SolutionConfigurationPlatforms) = preSolution
		Debug|Any CPU = Debug|Any CPU
		Release|Any CPU = Release|Any CPU
	EndGlobalSection
	GlobalSection(ProjectConfigurationPlatforms) = postSolution
		{07802008-E5F2-CBA2-BCD5-04F691F15F22}.Debug|Any CPU.ActiveCfg = Debug|Any CPU
		{07802008-E5F2-CBA2-BCD5-04F691F15F22}.Debug|Any CPU.Build.0 = Debug|Any CPU
		{07802008-E5F2-CBA2-BCD5-04F691F15F22}.Release|Any CPU.ActiveCfg = Release|Any CPU
		{07802008-E5F2-CBA2-BCD5-04F691F15F22}.Release|Any CPU.Build.0 = Release|Any CPU
		{D58851D0-204C-F802-4AFE-AD3D4023E6A0}.Debug|Any CPU.ActiveCfg = Debug|Any CPU
		{D58851D0-204C-F802-4AFE-AD3D4023E6A0}.Debug|Any CPU.Build.0 = Debug|Any CPU
		{D58851D0-204C-F802-4AFE-AD3D4023E6A0}.Release|Any CPU.ActiveCfg = Release|Any CPU
		{D58851D0-204C-F802-4AFE-AD3D4023E6A0}.Release|Any CPU.Build.0 = Release|Any CPU
	EndGlobalSection
	GlobalSection(SolutionProperties) = preSolution
		HideSolutionNode = FALSE
	EndGlobalSection
EndGlobal
